// !$*UTF8*$!
{
	archiveVersion = 1;
	classes = {
	};
	objectVersion = 46;
	objects = {

/* Begin PBXBuildFile section */
		6EBA1FE019701AA50028A1A0 /* Foundation.framework in Frameworks */ = {isa = PBXBuildFile; fileRef = 6EBA1FDF19701AA50028A1A0 /* Foundation.framework */; };
		6EBA1FE219701AA50028A1A0 /* CoreGraphics.framework in Frameworks */ = {isa = PBXBuildFile; fileRef = 6EBA1FE119701AA50028A1A0 /* CoreGraphics.framework */; };
		6EBA1FE419701AA50028A1A0 /* UIKit.framework in Frameworks */ = {isa = PBXBuildFile; fileRef = 6EBA1FE319701AA50028A1A0 /* UIKit.framework */; };
		6EBA1FEA19701AA50028A1A0 /* InfoPlist.strings in Resources */ = {isa = PBXBuildFile; fileRef = 6EBA1FE819701AA50028A1A0 /* InfoPlist.strings */; };
		6EBA1FEC19701AA50028A1A0 /* main.m in Sources */ = {isa = PBXBuildFile; fileRef = 6EBA1FEB19701AA50028A1A0 /* main.m */; };
		6EBA1FF019701AA50028A1A0 /* IKAppDelegate.m in Sources */ = {isa = PBXBuildFile; fileRef = 6EBA1FEF19701AA50028A1A0 /* IKAppDelegate.m */; };
		6EBA1FF219701AA50028A1A0 /* Images.xcassets in Resources */ = {isa = PBXBuildFile; fileRef = 6EBA1FF119701AA50028A1A0 /* Images.xcassets */; };
		6EBA1FF919701AA50028A1A0 /* XCTest.framework in Frameworks */ = {isa = PBXBuildFile; fileRef = 6EBA1FF819701AA50028A1A0 /* XCTest.framework */; };
		6EBA1FFA19701AA50028A1A0 /* Foundation.framework in Frameworks */ = {isa = PBXBuildFile; fileRef = 6EBA1FDF19701AA50028A1A0 /* Foundation.framework */; };
		6EBA1FFB19701AA50028A1A0 /* UIKit.framework in Frameworks */ = {isa = PBXBuildFile; fileRef = 6EBA1FE319701AA50028A1A0 /* UIKit.framework */; };
		6EBA200319701AA50028A1A0 /* InfoPlist.strings in Resources */ = {isa = PBXBuildFile; fileRef = 6EBA200119701AA50028A1A0 /* InfoPlist.strings */; };
		6EBA200519701AA50028A1A0 /* IKCellAttendantExampleTests.m in Sources */ = {isa = PBXBuildFile; fileRef = 6EBA200419701AA50028A1A0 /* IKCellAttendantExampleTests.m */; };
		6EBA201119701AE20028A1A0 /* IKMainViewController.m in Sources */ = {isa = PBXBuildFile; fileRef = 6EBA200F19701AE20028A1A0 /* IKMainViewController.m */; };
		6EBA201219701AE20028A1A0 /* IKMainViewController.xib in Resources */ = {isa = PBXBuildFile; fileRef = 6EBA201019701AE20028A1A0 /* IKMainViewController.xib */; };
		6EBA201619701C700028A1A0 /* IKTableViewCell.m in Sources */ = {isa = PBXBuildFile; fileRef = 6EBA201419701C700028A1A0 /* IKTableViewCell.m */; };
		6EBA201719701C700028A1A0 /* IKTableViewCell.xib in Resources */ = {isa = PBXBuildFile; fileRef = 6EBA201519701C700028A1A0 /* IKTableViewCell.xib */; };
		6EBA201B197020560028A1A0 /* IKCellAttendant.m in Sources */ = {isa = PBXBuildFile; fileRef = 6EBA201A197020560028A1A0 /* IKCellAttendant.m */; };
/* End PBXBuildFile section */

/* Begin PBXContainerItemProxy section */
		6EBA1FFC19701AA50028A1A0 /* PBXContainerItemProxy */ = {
			isa = PBXContainerItemProxy;
			containerPortal = 6EBA1FD419701AA50028A1A0 /* Project object */;
			proxyType = 1;
			remoteGlobalIDString = 6EBA1FDB19701AA50028A1A0;
			remoteInfo = IKCellAttendantExample;
		};
/* End PBXContainerItemProxy section */

/* Begin PBXFileReference section */
		6EBA1FDC19701AA50028A1A0 /* IKCellAttendantExample.app */ = {isa = PBXFileReference; explicitFileType = wrapper.application; includeInIndex = 0; path = IKCellAttendantExample.app; sourceTree = BUILT_PRODUCTS_DIR; };
		6EBA1FDF19701AA50028A1A0 /* Foundation.framework */ = {isa = PBXFileReference; lastKnownFileType = wrapper.framework; name = Foundation.framework; path = System/Library/Frameworks/Foundation.framework; sourceTree = SDKROOT; };
		6EBA1FE119701AA50028A1A0 /* CoreGraphics.framework */ = {isa = PBXFileReference; lastKnownFileType = wrapper.framework; name = CoreGraphics.framework; path = System/Library/Frameworks/CoreGraphics.framework; sourceTree = SDKROOT; };
		6EBA1FE319701AA50028A1A0 /* UIKit.framework */ = {isa = PBXFileReference; lastKnownFileType = wrapper.framework; name = UIKit.framework; path = System/Library/Frameworks/UIKit.framework; sourceTree = SDKROOT; };
		6EBA1FE719701AA50028A1A0 /* IKCellAttendantExample-Info.plist */ = {isa = PBXFileReference; lastKnownFileType = text.plist.xml; path = "IKCellAttendantExample-Info.plist"; sourceTree = "<group>"; };
		6EBA1FE919701AA50028A1A0 /* en */ = {isa = PBXFileReference; lastKnownFileType = text.plist.strings; name = en; path = en.lproj/InfoPlist.strings; sourceTree = "<group>"; };
		6EBA1FEB19701AA50028A1A0 /* main.m */ = {isa = PBXFileReference; lastKnownFileType = sourcecode.c.objc; path = main.m; sourceTree = "<group>"; };
		6EBA1FED19701AA50028A1A0 /* IKCellAttendantExample-Prefix.pch */ = {isa = PBXFileReference; lastKnownFileType = sourcecode.c.h; path = "IKCellAttendantExample-Prefix.pch"; sourceTree = "<group>"; };
		6EBA1FEE19701AA50028A1A0 /* IKAppDelegate.h */ = {isa = PBXFileReference; lastKnownFileType = sourcecode.c.h; path = IKAppDelegate.h; sourceTree = "<group>"; };
		6EBA1FEF19701AA50028A1A0 /* IKAppDelegate.m */ = {isa = PBXFileReference; lastKnownFileType = sourcecode.c.objc; path = IKAppDelegate.m; sourceTree = "<group>"; };
		6EBA1FF119701AA50028A1A0 /* Images.xcassets */ = {isa = PBXFileReference; lastKnownFileType = folder.assetcatalog; path = Images.xcassets; sourceTree = "<group>"; };
		6EBA1FF719701AA50028A1A0 /* IKCellAttendantExampleTests.xctest */ = {isa = PBXFileReference; explicitFileType = wrapper.cfbundle; includeInIndex = 0; path = IKCellAttendantExampleTests.xctest; sourceTree = BUILT_PRODUCTS_DIR; };
		6EBA1FF819701AA50028A1A0 /* XCTest.framework */ = {isa = PBXFileReference; lastKnownFileType = wrapper.framework; name = XCTest.framework; path = Library/Frameworks/XCTest.framework; sourceTree = DEVELOPER_DIR; };
		6EBA200019701AA50028A1A0 /* IKCellAttendantExampleTests-Info.plist */ = {isa = PBXFileReference; lastKnownFileType = text.plist.xml; path = "IKCellAttendantExampleTests-Info.plist"; sourceTree = "<group>"; };
		6EBA200219701AA50028A1A0 /* en */ = {isa = PBXFileReference; lastKnownFileType = text.plist.strings; name = en; path = en.lproj/InfoPlist.strings; sourceTree = "<group>"; };
		6EBA200419701AA50028A1A0 /* IKCellAttendantExampleTests.m */ = {isa = PBXFileReference; lastKnownFileType = sourcecode.c.objc; path = IKCellAttendantExampleTests.m; sourceTree = "<group>"; };
		6EBA200E19701AE20028A1A0 /* IKMainViewController.h */ = {isa = PBXFileReference; fileEncoding = 4; lastKnownFileType = sourcecode.c.h; path = IKMainViewController.h; sourceTree = "<group>"; };
		6EBA200F19701AE20028A1A0 /* IKMainViewController.m */ = {isa = PBXFileReference; fileEncoding = 4; lastKnownFileType = sourcecode.c.objc; path = IKMainViewController.m; sourceTree = "<group>"; };
		6EBA201019701AE20028A1A0 /* IKMainViewController.xib */ = {isa = PBXFileReference; fileEncoding = 4; lastKnownFileType = file.xib; path = IKMainViewController.xib; sourceTree = "<group>"; };
		6EBA201319701C700028A1A0 /* IKTableViewCell.h */ = {isa = PBXFileReference; fileEncoding = 4; lastKnownFileType = sourcecode.c.h; path = IKTableViewCell.h; sourceTree = "<group>"; };
		6EBA201419701C700028A1A0 /* IKTableViewCell.m */ = {isa = PBXFileReference; fileEncoding = 4; lastKnownFileType = sourcecode.c.objc; path = IKTableViewCell.m; sourceTree = "<group>"; };
		6EBA201519701C700028A1A0 /* IKTableViewCell.xib */ = {isa = PBXFileReference; fileEncoding = 4; lastKnownFileType = file.xib; path = IKTableViewCell.xib; sourceTree = "<group>"; };
		6EBA2019197020560028A1A0 /* IKCellAttendant.h */ = {isa = PBXFileReference; fileEncoding = 4; lastKnownFileType = sourcecode.c.h; name = IKCellAttendant.h; path = ../../IKCellAttendant/IKCellAttendant.h; sourceTree = "<group>"; };
		6EBA201A197020560028A1A0 /* IKCellAttendant.m */ = {isa = PBXFileReference; fileEncoding = 4; lastKnownFileType = sourcecode.c.objc; name = IKCellAttendant.m; path = ../../IKCellAttendant/IKCellAttendant.m; sourceTree = "<group>"; };
/* End PBXFileReference section */

/* Begin PBXFrameworksBuildPhase section */
		6EBA1FD919701AA50028A1A0 /* Frameworks */ = {
			isa = PBXFrameworksBuildPhase;
			buildActionMask = 2147483647;
			files = (
				6EBA1FE219701AA50028A1A0 /* CoreGraphics.framework in Frameworks */,
				6EBA1FE419701AA50028A1A0 /* UIKit.framework in Frameworks */,
				6EBA1FE019701AA50028A1A0 /* Foundation.framework in Frameworks */,
			);
			runOnlyForDeploymentPostprocessing = 0;
		};
		6EBA1FF419701AA50028A1A0 /* Frameworks */ = {
			isa = PBXFrameworksBuildPhase;
			buildActionMask = 2147483647;
			files = (
				6EBA1FF919701AA50028A1A0 /* XCTest.framework in Frameworks */,
				6EBA1FFB19701AA50028A1A0 /* UIKit.framework in Frameworks */,
				6EBA1FFA19701AA50028A1A0 /* Foundation.framework in Frameworks */,
			);
			runOnlyForDeploymentPostprocessing = 0;
		};
/* End PBXFrameworksBuildPhase section */

/* Begin PBXGroup section */
		6EBA1FD319701AA50028A1A0 = {
			isa = PBXGroup;
			children = (
				6EBA1FE519701AA50028A1A0 /* IKCellAttendantExample */,
				6EBA1FFE19701AA50028A1A0 /* IKCellAttendantExampleTests */,
				6EBA1FDE19701AA50028A1A0 /* Frameworks */,
				6EBA1FDD19701AA50028A1A0 /* Products */,
			);
			sourceTree = "<group>";
		};
		6EBA1FDD19701AA50028A1A0 /* Products */ = {
			isa = PBXGroup;
			children = (
				6EBA1FDC19701AA50028A1A0 /* IKCellAttendantExample.app */,
				6EBA1FF719701AA50028A1A0 /* IKCellAttendantExampleTests.xctest */,
			);
			name = Products;
			sourceTree = "<group>";
		};
		6EBA1FDE19701AA50028A1A0 /* Frameworks */ = {
			isa = PBXGroup;
			children = (
				6EBA1FDF19701AA50028A1A0 /* Foundation.framework */,
				6EBA1FE119701AA50028A1A0 /* CoreGraphics.framework */,
				6EBA1FE319701AA50028A1A0 /* UIKit.framework */,
				6EBA1FF819701AA50028A1A0 /* XCTest.framework */,
			);
			name = Frameworks;
			sourceTree = "<group>";
		};
		6EBA1FE519701AA50028A1A0 /* IKCellAttendantExample */ = {
			isa = PBXGroup;
			children = (
				6EBA1FEE19701AA50028A1A0 /* IKAppDelegate.h */,
				6EBA1FEF19701AA50028A1A0 /* IKAppDelegate.m */,
				6EBA1FF119701AA50028A1A0 /* Images.xcassets */,
				6EBA1FE619701AA50028A1A0 /* Supporting Files */,
				6EBA201C1970205B0028A1A0 /* ViewController */,
				6EBA2018197020420028A1A0 /* IKCellAttendant */,
			);
			path = IKCellAttendantExample;
			sourceTree = "<group>";
		};
		6EBA1FE619701AA50028A1A0 /* Supporting Files */ = {
			isa = PBXGroup;
			children = (
				6EBA1FE719701AA50028A1A0 /* IKCellAttendantExample-Info.plist */,
				6EBA1FE819701AA50028A1A0 /* InfoPlist.strings */,
				6EBA1FEB19701AA50028A1A0 /* main.m */,
				6EBA1FED19701AA50028A1A0 /* IKCellAttendantExample-Prefix.pch */,
			);
			name = "Supporting Files";
			sourceTree = "<group>";
		};
		6EBA1FFE19701AA50028A1A0 /* IKCellAttendantExampleTests */ = {
			isa = PBXGroup;
			children = (
				6EBA200419701AA50028A1A0 /* IKCellAttendantExampleTests.m */,
				6EBA1FFF19701AA50028A1A0 /* Supporting Files */,
			);
			path = IKCellAttendantExampleTests;
			sourceTree = "<group>";
		};
		6EBA1FFF19701AA50028A1A0 /* Supporting Files */ = {
			isa = PBXGroup;
			children = (
				6EBA200019701AA50028A1A0 /* IKCellAttendantExampleTests-Info.plist */,
				6EBA200119701AA50028A1A0 /* InfoPlist.strings */,
			);
			name = "Supporting Files";
			sourceTree = "<group>";
		};
		6EBA2018197020420028A1A0 /* IKCellAttendant */ = {
			isa = PBXGroup;
			children = (
				6EBA2019197020560028A1A0 /* IKCellAttendant.h */,
				6EBA201A197020560028A1A0 /* IKCellAttendant.m */,
			);
			name = IKCellAttendant;
			sourceTree = "<group>";
		};
		6EBA201C1970205B0028A1A0 /* ViewController */ = {
			isa = PBXGroup;
			children = (
				6EBA200E19701AE20028A1A0 /* IKMainViewController.h */,
				6EBA200F19701AE20028A1A0 /* IKMainViewController.m */,
				6EBA201019701AE20028A1A0 /* IKMainViewController.xib */,
				6EBA201319701C700028A1A0 /* IKTableViewCell.h */,
				6EBA201419701C700028A1A0 /* IKTableViewCell.m */,
				6EBA201519701C700028A1A0 /* IKTableViewCell.xib */,
			);
			name = ViewController;
			sourceTree = "<group>";
		};
/* End PBXGroup section */

/* Begin PBXNativeTarget section */
		6EBA1FDB19701AA50028A1A0 /* IKCellAttendantExample */ = {
			isa = PBXNativeTarget;
			buildConfigurationList = 6EBA200819701AA50028A1A0 /* Build configuration list for PBXNativeTarget "IKCellAttendantExample" */;
			buildPhases = (
				6EBA1FD819701AA50028A1A0 /* Sources */,
				6EBA1FD919701AA50028A1A0 /* Frameworks */,
				6EBA1FDA19701AA50028A1A0 /* Resources */,
			);
			buildRules = (
			);
			dependencies = (
			);
			name = IKCellAttendantExample;
			productName = IKCellAttendantExample;
			productReference = 6EBA1FDC19701AA50028A1A0 /* IKCellAttendantExample.app */;
			productType = "com.apple.product-type.application";
		};
		6EBA1FF619701AA50028A1A0 /* IKCellAttendantExampleTests */ = {
			isa = PBXNativeTarget;
			buildConfigurationList = 6EBA200B19701AA50028A1A0 /* Build configuration list for PBXNativeTarget "IKCellAttendantExampleTests" */;
			buildPhases = (
				6EBA1FF319701AA50028A1A0 /* Sources */,
				6EBA1FF419701AA50028A1A0 /* Frameworks */,
				6EBA1FF519701AA50028A1A0 /* Resources */,
			);
			buildRules = (
			);
			dependencies = (
				6EBA1FFD19701AA50028A1A0 /* PBXTargetDependency */,
			);
			name = IKCellAttendantExampleTests;
			productName = IKCellAttendantExampleTests;
			productReference = 6EBA1FF719701AA50028A1A0 /* IKCellAttendantExampleTests.xctest */;
			productType = "com.apple.product-type.bundle.unit-test";
		};
/* End PBXNativeTarget section */

/* Begin PBXProject section */
		6EBA1FD419701AA50028A1A0 /* Project object */ = {
			isa = PBXProject;
			attributes = {
				CLASSPREFIX = IK;
				LastUpgradeCheck = 0510;
				ORGANIZATIONNAME = Inaka;
				TargetAttributes = {
					6EBA1FF619701AA50028A1A0 = {
						TestTargetID = 6EBA1FDB19701AA50028A1A0;
					};
				};
			};
			buildConfigurationList = 6EBA1FD719701AA50028A1A0 /* Build configuration list for PBXProject "IKCellAttendantExample" */;
			compatibilityVersion = "Xcode 3.2";
			developmentRegion = English;
			hasScannedForEncodings = 0;
			knownRegions = (
				en,
			);
			mainGroup = 6EBA1FD319701AA50028A1A0;
			productRefGroup = 6EBA1FDD19701AA50028A1A0 /* Products */;
			projectDirPath = "";
			projectRoot = "";
			targets = (
				6EBA1FDB19701AA50028A1A0 /* IKCellAttendantExample */,
				6EBA1FF619701AA50028A1A0 /* IKCellAttendantExampleTests */,
			);
		};
/* End PBXProject section */

/* Begin PBXResourcesBuildPhase section */
		6EBA1FDA19701AA50028A1A0 /* Resources */ = {
			isa = PBXResourcesBuildPhase;
			buildActionMask = 2147483647;
			files = (
				6EBA1FEA19701AA50028A1A0 /* InfoPlist.strings in Resources */,
				6EBA1FF219701AA50028A1A0 /* Images.xcassets in Resources */,
				6EBA201219701AE20028A1A0 /* IKMainViewController.xib in Resources */,
				6EBA201719701C700028A1A0 /* IKTableViewCell.xib in Resources */,
			);
			runOnlyForDeploymentPostprocessing = 0;
		};
		6EBA1FF519701AA50028A1A0 /* Resources */ = {
			isa = PBXResourcesBuildPhase;
			buildActionMask = 2147483647;
			files = (
				6EBA200319701AA50028A1A0 /* InfoPlist.strings in Resources */,
			);
			runOnlyForDeploymentPostprocessing = 0;
		};
/* End PBXResourcesBuildPhase section */

/* Begin PBXSourcesBuildPhase section */
		6EBA1FD819701AA50028A1A0 /* Sources */ = {
			isa = PBXSourcesBuildPhase;
			buildActionMask = 2147483647;
			files = (
				6EBA201119701AE20028A1A0 /* IKMainViewController.m in Sources */,
				6EBA1FF019701AA50028A1A0 /* IKAppDelegate.m in Sources */,
				6EBA201B197020560028A1A0 /* IKCellAttendant.m in Sources */,
				6EBA1FEC19701AA50028A1A0 /* main.m in Sources */,
				6EBA201619701C700028A1A0 /* IKTableViewCell.m in Sources */,
			);
			runOnlyForDeploymentPostprocessing = 0;
		};
		6EBA1FF319701AA50028A1A0 /* Sources */ = {
			isa = PBXSourcesBuildPhase;
			buildActionMask = 2147483647;
			files = (
				6EBA200519701AA50028A1A0 /* IKCellAttendantExampleTests.m in Sources */,
			);
			runOnlyForDeploymentPostprocessing = 0;
		};
/* End PBXSourcesBuildPhase section */

/* Begin PBXTargetDependency section */
		6EBA1FFD19701AA50028A1A0 /* PBXTargetDependency */ = {
			isa = PBXTargetDependency;
			target = 6EBA1FDB19701AA50028A1A0 /* IKCellAttendantExample */;
			targetProxy = 6EBA1FFC19701AA50028A1A0 /* PBXContainerItemProxy */;
		};
/* End PBXTargetDependency section */

/* Begin PBXVariantGroup section */
		6EBA1FE819701AA50028A1A0 /* InfoPlist.strings */ = {
			isa = PBXVariantGroup;
			children = (
				6EBA1FE919701AA50028A1A0 /* en */,
			);
			name = InfoPlist.strings;
			sourceTree = "<group>";
		};
		6EBA200119701AA50028A1A0 /* InfoPlist.strings */ = {
			isa = PBXVariantGroup;
			children = (
				6EBA200219701AA50028A1A0 /* en */,
			);
			name = InfoPlist.strings;
			sourceTree = "<group>";
		};
/* End PBXVariantGroup section */

/* Begin XCBuildConfiguration section */
		6EBA200619701AA50028A1A0 /* Debug */ = {
			isa = XCBuildConfiguration;
			buildSettings = {
				ALWAYS_SEARCH_USER_PATHS = NO;
				CLANG_CXX_LANGUAGE_STANDARD = "gnu++0x";
				CLANG_CXX_LIBRARY = "libc++";
				CLANG_ENABLE_MODULES = YES;
				CLANG_ENABLE_OBJC_ARC = YES;
				CLANG_WARN_BOOL_CONVERSION = YES;
				CLANG_WARN_CONSTANT_CONVERSION = YES;
				CLANG_WARN_DIRECT_OBJC_ISA_USAGE = YES_ERROR;
				CLANG_WARN_EMPTY_BODY = YES;
				CLANG_WARN_ENUM_CONVERSION = YES;
				CLANG_WARN_INT_CONVERSION = YES;
				CLANG_WARN_OBJC_ROOT_CLASS = YES_ERROR;
				CLANG_WARN__DUPLICATE_METHOD_MATCH = YES;
				"CODE_SIGN_IDENTITY[sdk=iphoneos*]" = "iPhone Developer";
				COPY_PHASE_STRIP = NO;
				GCC_C_LANGUAGE_STANDARD = gnu99;
				GCC_DYNAMIC_NO_PIC = NO;
				GCC_OPTIMIZATION_LEVEL = 0;
				GCC_PREPROCESSOR_DEFINITIONS = (
					"DEBUG=1",
					"$(inherited)",
				);
				GCC_SYMBOLS_PRIVATE_EXTERN = NO;
				GCC_WARN_64_TO_32_BIT_CONVERSION = YES;
				GCC_WARN_ABOUT_RETURN_TYPE = YES_ERROR;
				GCC_WARN_UNDECLARED_SELECTOR = YES;
				GCC_WARN_UNINITIALIZED_AUTOS = YES_AGGRESSIVE;
				GCC_WARN_UNUSED_FUNCTION = YES;
				GCC_WARN_UNUSED_VARIABLE = YES;
				IPHONEOS_DEPLOYMENT_TARGET = 7.1;
				ONLY_ACTIVE_ARCH = YES;
				SDKROOT = iphoneos;
				TARGETED_DEVICE_FAMILY = "1,2";
			};
			name = Debug;
		};
		6EBA200719701AA50028A1A0 /* Release */ = {
			isa = XCBuildConfiguration;
			buildSettings = {
				ALWAYS_SEARCH_USER_PATHS = NO;
				CLANG_CXX_LANGUAGE_STANDARD = "gnu++0x";
				CLANG_CXX_LIBRARY = "libc++";
				CLANG_ENABLE_MODULES = YES;
				CLANG_ENABLE_OBJC_ARC = YES;
				CLANG_WARN_BOOL_CONVERSION = YES;
				CLANG_WARN_CONSTANT_CONVERSION = YES;
				CLANG_WARN_DIRECT_OBJC_ISA_USAGE = YES_ERROR;
				CLANG_WARN_EMPTY_BODY = YES;
				CLANG_WARN_ENUM_CONVERSION = YES;
				CLANG_WARN_INT_CONVERSION = YES;
				CLANG_WARN_OBJC_ROOT_CLASS = YES_ERROR;
				CLANG_WARN__DUPLICATE_METHOD_MATCH = YES;
				"CODE_SIGN_IDENTITY[sdk=iphoneos*]" = "iPhone Developer";
				COPY_PHASE_STRIP = YES;
				ENABLE_NS_ASSERTIONS = NO;
				GCC_C_LANGUAGE_STANDARD = gnu99;
				GCC_WARN_64_TO_32_BIT_CONVERSION = YES;
				GCC_WARN_ABOUT_RETURN_TYPE = YES_ERROR;
				GCC_WARN_UNDECLARED_SELECTOR = YES;
				GCC_WARN_UNINITIALIZED_AUTOS = YES_AGGRESSIVE;
				GCC_WARN_UNUSED_FUNCTION = YES;
				GCC_WARN_UNUSED_VARIABLE = YES;
				IPHONEOS_DEPLOYMENT_TARGET = 7.1;
				SDKROOT = iphoneos;
				TARGETED_DEVICE_FAMILY = "1,2";
				VALIDATE_PRODUCT = YES;
			};
			name = Release;
		};
		6EBA200919701AA50028A1A0 /* Debug */ = {
			isa = XCBuildConfiguration;
			buildSettings = {
				ASSETCATALOG_COMPILER_APPICON_NAME = AppIcon;
				ASSETCATALOG_COMPILER_LAUNCHIMAGE_NAME = LaunchImage;
				GCC_PRECOMPILE_PREFIX_HEADER = YES;
				GCC_PREFIX_HEADER = "IKCellAttendantExample/IKCellAttendantExample-Prefix.pch";
				INFOPLIST_FILE = "IKCellAttendantExample/IKCellAttendantExample-Info.plist";
				PRODUCT_NAME = "$(TARGET_NAME)";
				WRAPPER_EXTENSION = app;
			};
			name = Debug;
		};
		6EBA200A19701AA50028A1A0 /* Release */ = {
			isa = XCBuildConfiguration;
			buildSettings = {
				ASSETCATALOG_COMPILER_APPICON_NAME = AppIcon;
				ASSETCATALOG_COMPILER_LAUNCHIMAGE_NAME = LaunchImage;
				GCC_PRECOMPILE_PREFIX_HEADER = YES;
				GCC_PREFIX_HEADER = "IKCellAttendantExample/IKCellAttendantExample-Prefix.pch";
				INFOPLIST_FILE = "IKCellAttendantExample/IKCellAttendantExample-Info.plist";
				PRODUCT_NAME = "$(TARGET_NAME)";
				WRAPPER_EXTENSION = app;
			};
			name = Release;
		};
		6EBA200C19701AA50028A1A0 /* Debug */ = {
			isa = XCBuildConfiguration;
			buildSettings = {
				BUNDLE_LOADER = "$(BUILT_PRODUCTS_DIR)/IKCellAttendantExample.app/IKCellAttendantExample";
				FRAMEWORK_SEARCH_PATHS = (
					"$(SDKROOT)/Developer/Library/Frameworks",
					"$(inherited)",
					"$(DEVELOPER_FRAMEWORKS_DIR)",
				);
				GCC_PRECOMPILE_PREFIX_HEADER = YES;
				GCC_PREFIX_HEADER = "IKCellAttendantExample/IKCellAttendantExample-Prefix.pch";
				GCC_PREPROCESSOR_DEFINITIONS = (
					"DEBUG=1",
					"$(inherited)",
				);
				INFOPLIST_FILE = "IKCellAttendantExampleTests/IKCellAttendantExampleTests-Info.plist";
				PRODUCT_NAME = "$(TARGET_NAME)";
				TEST_HOST = "$(BUNDLE_LOADER)";
				WRAPPER_EXTENSION = xctest;
			};
			name = Debug;
		};
		6EBA200D19701AA50028A1A0 /* Release */ = {
			isa = XCBuildConfiguration;
			buildSettings = {
				BUNDLE_LOADER = "$(BUILT_PRODUCTS_DIR)/IKCellAttendantExample.app/IKCellAttendantExample";
				FRAMEWORK_SEARCH_PATHS = (
					"$(SDKROOT)/Developer/Library/Frameworks",
					"$(inherited)",
					"$(DEVELOPER_FRAMEWORKS_DIR)",
				);
				GCC_PRECOMPILE_PREFIX_HEADER = YES;
				GCC_PREFIX_HEADER = "IKCellAttendantExample/IKCellAttendantExample-Prefix.pch";
				INFOPLIST_FILE = "IKCellAttendantExampleTests/IKCellAttendantExampleTests-Info.plist";
				PRODUCT_NAME = "$(TARGET_NAME)";
				TEST_HOST = "$(BUNDLE_LOADER)";
				WRAPPER_EXTENSION = xctest;
			};
			name = Release;
		};
/* End XCBuildConfiguration section */

/* Begin XCConfigurationList section */
		6EBA1FD719701AA50028A1A0 /* Build configuration list for PBXProject "IKCellAttendantExample" */ = {
			isa = XCConfigurationList;
			buildConfigurations = (
				6EBA200619701AA50028A1A0 /* Debug */,
				6EBA200719701AA50028A1A0 /* Release */,
			);
			defaultConfigurationIsVisible = 0;
			defaultConfigurationName = Release;
		};
		6EBA200819701AA50028A1A0 /* Build configuration list for PBXNativeTarget "IKCellAttendantExample" */ = {
			isa = XCConfigurationList;
			buildConfigurations = (
				6EBA200919701AA50028A1A0 /* Debug */,
				6EBA200A19701AA50028A1A0 /* Release */,
			);
			defaultConfigurationIsVisible = 0;
		};
		6EBA200B19701AA50028A1A0 /* Build configuration list for PBXNativeTarget "IKCellAttendantExampleTests" */ = {
			isa = XCConfigurationList;
			buildConfigurations = (
				6EBA200C19701AA50028A1A0 /* Debug */,
				6EBA200D19701AA50028A1A0 /* Release */,
			);
			defaultConfigurationIsVisible = 0;
		};
/* End XCConfigurationList section */
	};
	rootObject = 6EBA1FD419701AA50028A1A0 /* Project object */;
}
